
Microsoft Visual Studio Solution File, Format Version 12.00
# Visual Studio 15
VisualStudioVersion = 15.0.28307.1433
MinimumVisualStudioVersion = 10.0.40219.1
Project("{FAE04EC0-301F-11D3-BF4B-00C04F79EFBC}") = "AppointmentDataLayer", "Project2\AppointmentDataLayer.csproj", "{3D0E5D5E-10C3-484D-81B1-46F1BB0C41F8}"
EndProject
Project("{FAE04EC0-301F-11D3-BF4B-00C04F79EFBC}") = "ConsoleAppointmentApp", "ConsoleAppointmentApp\ConsoleAppointmentApp.csproj", "{D7A04535-F181-47EA-BD8D-BED61E3AF741}"
EndProject
Global
	GlobalSection(SolutionConfigurationPlatforms) = preSolution
		Debug|Any CPU = Debug|Any CPU
		Release|Any CPU = Release|Any CPU
	EndGlobalSection
	GlobalSection(ProjectConfigurationPlatforms) = postSolution
		{3D0E5D5E-10C3-484D-81B1-46F1BB0C41F8}.Debug|Any CPU.ActiveCfg = Debug|Any CPU
		{3D0E5D5E-10C3-484D-81B1-46F1BB0C41F8}.Debug|Any CPU.Build.0 = Debug|Any CPU
		{3D0E5D5E-10C3-484D-81B1-46F1BB0C41F8}.Release|Any CPU.ActiveCfg = Release|Any CPU
		{3D0E5D5E-10C3-484D-81B1-46F1BB0C41F8}.Release|Any CPU.Build.0 = Release|Any CPU
		{D7A04535-F181-47EA-BD8D-BED61E3AF741}.Debug|Any CPU.ActiveCfg = Debug|Any CPU
		{D7A04535-F181-47EA-BD8D-BED61E3AF741}.Debug|Any CPU.Build.0 = Debug|Any CPU
		{D7A04535-F181-47EA-BD8D-BED61E3AF741}.Release|Any CPU.ActiveCfg = Release|Any CPU
		{D7A04535-F181-47EA-BD8D-BED61E3AF741}.Release|Any CPU.Build.0 = Release|Any CPU
	EndGlobalSection
	GlobalSection(SolutionProperties) = preSolution
		HideSolutionNode = FALSE
	EndGlobalSection
	GlobalSection(ExtensibilityGlobals) = postSolution
		SolutionGuid = {BB0F646A-0853-4D3A-AA0A-F0E6ED0024A2}
	EndGlobalSection
EndGlobal
